
Microsoft Visual Studio Solution File, Format Version 12.00
# Visual Studio Version 17
VisualStudioVersion = 17.10.34928.147
MinimumVisualStudioVersion = 10.0.40219.1
Project("{FAE04EC0-301F-11D3-BF4B-00C04F79EFBC}") = "WebApiBiblioTech", "WebApiBiblioTech.csproj", "{CBFD9B4A-100A-459B-93A1-8A5988370C8B}"
EndProject
Global
	GlobalSection(SolutionConfigurationPlatforms) = preSolution
		Debug|Any CPU = Debug|Any CPU
		Release|Any CPU = Release|Any CPU
	EndGlobalSection
	GlobalSection(ProjectConfigurationPlatforms) = postSolution
		{CBFD9B4A-100A-459B-93A1-8A5988370C8B}.Debug|Any CPU.ActiveCfg = Debug|Any CPU
		{CBFD9B4A-100A-459B-93A1-8A5988370C8B}.Debug|Any CPU.Build.0 = Debug|Any CPU
		{CBFD9B4A-100A-459B-93A1-8A5988370C8B}.Release|Any CPU.ActiveCfg = Release|Any CPU
		{CBFD9B4A-100A-459B-93A1-8A5988370C8B}.Release|Any CPU.Build.0 = Release|Any CPU
	EndGlobalSection
	GlobalSection(SolutionProperties) = preSolution
		HideSolutionNode = FALSE
	EndGlobalSection
	GlobalSection(ExtensibilityGlobals) = postSolution
		SolutionGuid = {92068CD0-F352-47C7-BB4A-9629CE4198FF}
	EndGlobalSection
EndGlobal
