
Microsoft Visual Studio Solution File, Format Version 12.00
# Visual Studio Version 17
VisualStudioVersion = 17.10.34928.147
MinimumVisualStudioVersion = 10.0.40219.1
Project("{FAE04EC0-301F-11D3-BF4B-00C04F79EFBC}") = "webapibibliotech", "webapibibliotech.csproj", "{0D1EEC52-08AF-49E8-A836-E5FCFD733871}"
EndProject
Global
	GlobalSection(SolutionConfigurationPlatforms) = preSolution
		Debug|Any CPU = Debug|Any CPU
		Release|Any CPU = Release|Any CPU
	EndGlobalSection
	GlobalSection(ProjectConfigurationPlatforms) = postSolution
		{0D1EEC52-08AF-49E8-A836-E5FCFD733871}.Debug|Any CPU.ActiveCfg = Debug|Any CPU
		{0D1EEC52-08AF-49E8-A836-E5FCFD733871}.Debug|Any CPU.Build.0 = Debug|Any CPU
		{0D1EEC52-08AF-49E8-A836-E5FCFD733871}.Release|Any CPU.ActiveCfg = Release|Any CPU
		{0D1EEC52-08AF-49E8-A836-E5FCFD733871}.Release|Any CPU.Build.0 = Release|Any CPU
	EndGlobalSection
	GlobalSection(SolutionProperties) = preSolution
		HideSolutionNode = FALSE
	EndGlobalSection
	GlobalSection(ExtensibilityGlobals) = postSolution
		SolutionGuid = {975E9E1B-B6E8-4B81-BD55-E301C57BE28B}
	EndGlobalSection
EndGlobal
